<?xml version="1.0" encoding="utf-8"?>
<Project ToolsVersion="4.0" xmlns="http://schemas.microsoft.com/developer/msbuild/2003">
  <ItemGroup>
    <Filter Include="Source Files">
      <UniqueIdentifier>{4FC737F1-C7A5-4376-A066-2A32D752A2FF}</UniqueIdentifier>
      <Extensions>cpp;c;cc;cxx;def;odl;idl;hpj;bat;asm;asmx</Extensions>
    </Filter>
    <Filter Include="Header Files">
      <UniqueIdentifier>{93995380-89BD-4b04-88EB-625FBE52EBFB}</UniqueIdentifier>
      <Extensions>h;hh;hpp;hxx;hm;inl;inc;xsd</Extensions>
    </Filter>
    <Filter Include="Resource Files">
      <UniqueIdentifier>{67DA6AB6-F800-4c08-8B7A-83BB121AAD01}</UniqueIdentifier>
      <Extensions>rc;ico;cur;bmp;dlg;rc2;rct;bin;rgs;gif;jpg;jpeg;jpe;resx;tiff;tif;png;wav</Extensions>
    </Filter>
  </ItemGroup>
  <ItemGroup>
    <ClCompile Include="atlcli.c">
      <Filter>Source Files</Filter>
    </ClCompile>
    <ClCompile Include="config.c">
      <Filter>Source Files</Filter>
    </ClCompile>
    <ClCompile Include="crdata.c">
      <Filter>Source Files</Filter>
    </ClCompile>
    <ClCompile Include="crfile.c">
      <Filter>Source Files</Filter>
    </ClCompile>
    <ClCompile Include="gamedb.c">
      <Filter>Source Files</Filter>
    </ClCompile>
    <ClCompile Include="log.c">
      <Filter>Source Files</Filter>
    </ClCompile>
    <ClCompile Include="cjson\cJSON.c">
      <Filter>Source Files</Filter>
    </ClCompile>
    <ClCompile Include="clibs\critbit.c">
      <Filter>Source Files</Filter>
    </ClCompile>
    <ClCompile Include="clibs\format.c">
      <Filter>Source Files</Filter>
    </ClCompile>
    <ClCompile Include="clibs\selist.c">
      <Filter>Source Files</Filter>
    </ClCompile>
    <ClCompile Include="clibs\strings.c">
      <Filter>Source Files</Filter>
    </ClCompile>
    <ClCompile Include="clibs\strutil.c">
      <Filter>Source Files</Filter>
    </ClCompile>
    <ClCompile Include="crpat\crpat.c">
      <Filter>Source Files</Filter>
    </ClCompile>
    <ClCompile Include="faction.c">
      <Filter>Source Files</Filter>
    </ClCompile>
    <ClCompile Include="region.c">
      <Filter>Source Files</Filter>
    </ClCompile>
    <ClCompile Include="building.c">
      <Filter>Source Files</Filter>
    </ClCompile>
    <ClCompile Include="ship.c">
      <Filter>Source Files</Filter>
    </ClCompile>
    <ClCompile Include="unit.c">
      <Filter>Source Files</Filter>
    </ClCompile>
    <ClCompile Include="export.c">
      <Filter>Source Files</Filter>
    </ClCompile>
    <ClCompile Include="import.c">
      <Filter>Source Files</Filter>
    </ClCompile>
    <ClCompile Include="gamedata.c">
      <Filter>Source Files</Filter>
    </ClCompile>
    <ClCompile Include="stblibs.c">
      <Filter>Source Files</Filter>
    </ClCompile>
    <ClCompile Include="message.c">
      <Filter>Source Files</Filter>
    </ClCompile>
  </ItemGroup>
  <ItemGroup>
    <ClInclude Include="cgi.h">
      <Filter>Header Files</Filter>
    </ClInclude>
    <ClInclude Include="config.h">
      <Filter>Header Files</Filter>
    </ClInclude>
    <ClInclude Include="crdata.h">
      <Filter>Header Files</Filter>
    </ClInclude>
    <ClInclude Include="crfile.h">
      <Filter>Header Files</Filter>
    </ClInclude>
    <ClInclude Include="gamedb.h">
      <Filter>Header Files</Filter>
    </ClInclude>
    <ClInclude Include="gettext.h">
      <Filter>Header Files</Filter>
    </ClInclude>
    <ClInclude Include="log.h">
      <Filter>Header Files</Filter>
    </ClInclude>
    <ClInclude Include="request.h">
      <Filter>Header Files</Filter>
    </ClInclude>
    <ClInclude Include="cjson\cJSON.h">
      <Filter>Header Files</Filter>
    </ClInclude>
    <ClInclude Include="cjson\cJSON_Utils.h">
      <Filter>Header Files</Filter>
    </ClInclude>
    <ClInclude Include="clibs\critbit.h">
      <Filter>Header Files</Filter>
    </ClInclude>
    <ClInclude Include="clibs\CuTest.h">
      <Filter>Header Files</Filter>
    </ClInclude>
    <ClInclude Include="clibs\format.h">
      <Filter>Header Files</Filter>
    </ClInclude>
    <ClInclude Include="clibs\l10n.h">
      <Filter>Header Files</Filter>
    </ClInclude>
    <ClInclude Include="clibs\selist.h">
      <Filter>Header Files</Filter>
    </ClInclude>
    <ClInclude Include="clibs\strings.h">
      <Filter>Header Files</Filter>
    </ClInclude>
    <ClInclude Include="clibs\strutil.h">
      <Filter>Header Files</Filter>
    </ClInclude>
    <ClInclude Include="crpat\crpat.h">
      <Filter>Header Files</Filter>
    </ClInclude>
    <ClInclude Include="faction.h">
      <Filter>Header Files</Filter>
    </ClInclude>
    <ClInclude Include="region.h">
      <Filter>Header Files</Filter>
    </ClInclude>
    <ClInclude Include="building.h">
      <Filter>Header Files</Filter>
    </ClInclude>
    <ClInclude Include="ship.h">
      <Filter>Header Files</Filter>
    </ClInclude>
    <ClInclude Include="unit.h">
      <Filter>Header Files</Filter>
    </ClInclude>
    <ClInclude Include="import.h">
      <Filter>Header Files</Filter>
    </ClInclude>
    <ClInclude Include="gamedata.h">
      <Filter>Header Files</Filter>
    </ClInclude>
    <ClInclude Include="stb_ds.h">
      <Filter>Header Files</Filter>
    </ClInclude>
    <ClInclude Include="stretchy_buffer.h">
      <Filter>Header Files</Filter>
    </ClInclude>
    <ClInclude Include="message.h">
      <Filter>Header Files</Filter>
    </ClInclude>
  </ItemGroup>
  <ItemGroup>
    <None Include="crschema.sql">
      <Filter>Resource Files</Filter>
    </None>
  </ItemGroup>
</Project>